<?xml version="1.0" encoding="utf-8"?>
<Project ToolsVersion="4.0" xmlns="http://schemas.microsoft.com/developer/msbuild/2003">
  <ItemGroup>
    <Filter Include="Source Files">
      <UniqueIdentifier>{4FC737F1-C7A5-4376-A066-2A32D752A2FF}</UniqueIdentifier>
      <Extensions>cpp;c;cc;cxx;def;odl;idl;hpj;bat;asm;asmx</Extensions>
    </Filter>
    <Filter Include="Header Files">
      <UniqueIdentifier>{93995380-89BD-4b04-88EB-625FBE52EBFB}</UniqueIdentifier>
      <Extensions>h;hh;hpp;hxx;hm;inl;inc;xsd</Extensions>
    </Filter>
    <Filter Include="Resource Files">
      <UniqueIdentifier>{67DA6AB6-F800-4c08-8B7A-83BB121AAD01}</UniqueIdentifier>
      <Extensions>rc;ico;cur;bmp;dlg;rc2;rct;bin;rgs;gif;jpg;jpeg;jpe;resx;tiff;tif;png;wav</Extensions>
    </Filter>
  </ItemGroup>
  <ItemGroup>
    <ClCompile Include="main.cpp">
      <Filter>Source Files</Filter>
    </ClCompile>
    <ClCompile Include="src\Asset.cpp">
      <Filter>Source Files</Filter>
    </ClCompile>
    <ClCompile Include="src\AssetManager.cpp">
      <Filter>Source Files</Filter>
    </ClCompile>
    <ClCompile Include="src\AssetSettings.cpp">
      <Filter>Source Files</Filter>
    </ClCompile>
    <ClCompile Include="src\BaseAsset.cpp">
      <Filter>Source Files</Filter>
    </ClCompile>
    <ClCompile Include="src\Bridge.cpp">
      <Filter>Source Files</Filter>
    </ClCompile>
    <ClCompile Include="src\DialogueAsset.cpp">
      <Filter>Source Files</Filter>
    </ClCompile>
    <ClCompile Include="src\Logger.cpp">
      <Filter>Source Files</Filter>
    </ClCompile>
    <ClCompile Include="src\RageVersionInfo.cpp">
      <Filter>Source Files</Filter>
    </ClCompile>
    <ClCompile Include="src\stdsoap2.cpp">
      <Filter>Source Files</Filter>
    </ClCompile>
    <ClCompile Include="src\vadC.cpp">
      <Filter>Source Files</Filter>
    </ClCompile>
    <ClCompile Include="src\VersionString.cpp">
      <Filter>Source Files</Filter>
    </ClCompile>
    <ClCompile Include="src\Messages.cpp">
      <Filter>Source Files</Filter>
    </ClCompile>
  </ItemGroup>
  <ItemGroup>
    <Xsd Include="VersionAndDependencies.xsd">
      <Filter>Header Files</Filter>
    </Xsd>
  </ItemGroup>
  <ItemGroup>
    <ClInclude Include="include\Asset.h">
      <Filter>Header Files</Filter>
    </ClInclude>
    <ClInclude Include="include\AssetManager.h">
      <Filter>Header Files</Filter>
    </ClInclude>
    <ClInclude Include="include\AssetSettings.h">
      <Filter>Header Files</Filter>
    </ClInclude>
    <ClInclude Include="include\BaseAsset.h">
      <Filter>Header Files</Filter>
    </ClInclude>
    <ClInclude Include="include\BaseSettings.h">
      <Filter>Header Files</Filter>
    </ClInclude>
    <ClInclude Include="include\Bridge.h">
      <Filter>Header Files</Filter>
    </ClInclude>
    <ClInclude Include="include\Callback.h">
      <Filter>Header Files</Filter>
    </ClInclude>
    <ClInclude Include="include\DialogueAsset.h">
      <Filter>Header Files</Filter>
    </ClInclude>
    <ClInclude Include="include\IAsset.h">
      <Filter>Header Files</Filter>
    </ClInclude>
    <ClInclude Include="include\IBridge.h">
      <Filter>Header Files</Filter>
    </ClInclude>
    <ClInclude Include="include\IDataArchive.h">
      <Filter>Header Files</Filter>
    </ClInclude>
    <ClInclude Include="include\IDataStorage.h">
      <Filter>Header Files</Filter>
    </ClInclude>
    <ClInclude Include="include\IDefaultSettings.h">
      <Filter>Header Files</Filter>
    </ClInclude>
    <ClInclude Include="include\ISettings.h">
      <Filter>Header Files</Filter>
    </ClInclude>
    <ClInclude Include="include\Logger.h">
      <Filter>Header Files</Filter>
    </ClInclude>
    <ClInclude Include="include\RageVersionInfo.h">
      <Filter>Header Files</Filter>
    </ClInclude>
    <ClInclude Include="include\stdsoap2.h">
      <Filter>Header Files</Filter>
    </ClInclude>
    <ClInclude Include="include\vadH.h">
      <Filter>Header Files</Filter>
    </ClInclude>
    <ClInclude Include="include\vadStub.h">
      <Filter>Header Files</Filter>
    </ClInclude>
    <ClInclude Include="include\VersionAndDependencies.h">
      <Filter>Header Files</Filter>
    </ClInclude>
    <ClInclude Include="include\VersionString.h">
      <Filter>Header Files</Filter>
    </ClInclude>
    <ClInclude Include="include\ILog.h">
      <Filter>Header Files</Filter>
    </ClInclude>
    <ClInclude Include="main.h">
      <Filter>Header Files</Filter>
    </ClInclude>
    <ClInclude Include="include\Messages.h">
      <Filter>Header Files</Filter>
    </ClInclude>
  </ItemGroup>
  <ItemGroup>
    <CopyFileToFolders Include="Logger.VersionAndDependencies.xml" />
    <CopyFileToFolders Include="DialogueAsset.VersionAndDependencies.xml" />
    <CopyFileToFolders Include="Asset.VersionAndDependencies.xml" />
    <CopyFileToFolders Include="script.txt" />
  </ItemGroup>
  <ItemGroup>
    <None Include="include\soap.nsmap" />
  </ItemGroup>
</Project>